
Microsoft Visual Studio Solution File, Format Version 12.00
# Visual Studio Version 16
VisualStudioVersion = 16.0.32126.315
MinimumVisualStudioVersion = 10.0.40219.1
Project("{FAE04EC0-301F-11D3-BF4B-00C04F79EFBC}") = "Presentation", "Presentation.csproj", "{87AF04B4-B89C-44C7-B05F-776121222D34}"
EndProject
Project("{FAE04EC0-301F-11D3-BF4B-00C04F79EFBC}") = "AlgorithmsCore", "..\AlgorithmsCore\AlgorithmsCore.csproj", "{74578CA9-4583-40C9-827C-B5A0D01DFFF0}"
EndProject
Project("{FAE04EC0-301F-11D3-BF4B-00C04F79EFBC}") = "Tests", "..\Tests\Tests.csproj", "{C02FFAD7-9E55-4519-95A3-43DA36A175BE}"
EndProject
Global
	GlobalSection(SolutionConfigurationPlatforms) = preSolution
		Debug|Any CPU = Debug|Any CPU
		Release|Any CPU = Release|Any CPU
	EndGlobalSection
	GlobalSection(ProjectConfigurationPlatforms) = postSolution
		{87AF04B4-B89C-44C7-B05F-776121222D34}.Debug|Any CPU.ActiveCfg = Debug|Any CPU
		{87AF04B4-B89C-44C7-B05F-776121222D34}.Debug|Any CPU.Build.0 = Debug|Any CPU
		{87AF04B4-B89C-44C7-B05F-776121222D34}.Release|Any CPU.ActiveCfg = Release|Any CPU
		{87AF04B4-B89C-44C7-B05F-776121222D34}.Release|Any CPU.Build.0 = Release|Any CPU
		{74578CA9-4583-40C9-827C-B5A0D01DFFF0}.Debug|Any CPU.ActiveCfg = Debug|Any CPU
		{74578CA9-4583-40C9-827C-B5A0D01DFFF0}.Debug|Any CPU.Build.0 = Debug|Any CPU
		{74578CA9-4583-40C9-827C-B5A0D01DFFF0}.Release|Any CPU.ActiveCfg = Release|Any CPU
		{74578CA9-4583-40C9-827C-B5A0D01DFFF0}.Release|Any CPU.Build.0 = Release|Any CPU
		{C02FFAD7-9E55-4519-95A3-43DA36A175BE}.Debug|Any CPU.ActiveCfg = Debug|Any CPU
		{C02FFAD7-9E55-4519-95A3-43DA36A175BE}.Debug|Any CPU.Build.0 = Debug|Any CPU
		{C02FFAD7-9E55-4519-95A3-43DA36A175BE}.Release|Any CPU.ActiveCfg = Release|Any CPU
		{C02FFAD7-9E55-4519-95A3-43DA36A175BE}.Release|Any CPU.Build.0 = Release|Any CPU
	EndGlobalSection
	GlobalSection(SolutionProperties) = preSolution
		HideSolutionNode = FALSE
	EndGlobalSection
	GlobalSection(ExtensibilityGlobals) = postSolution
		SolutionGuid = {04874A99-B1F6-4E49-92BC-B58E4203BB6B}
	EndGlobalSection
EndGlobal
